
Microsoft Visual Studio Solution File, Format Version 12.00
# Visual Studio 15
VisualStudioVersion = 15.0.26124.0
MinimumVisualStudioVersion = 15.0.26124.0
Project("{2150E333-8FDC-42A3-9474-1A3956D46DE8}") = "GraphQLApp", "GraphQLApp", "{692C6E88-83FB-4CAE-AF66-21B61C65B828}"
EndProject
Project("{FAE04EC0-301F-11D3-BF4B-00C04F79EFBC}") = "GraphQLApp.Web", "GraphQLApp\GraphQLApp.Web\GraphQLApp.Web.csproj", "{EDCAD331-DC2F-469E-9034-38419E324764}"
EndProject
Project("{FAE04EC0-301F-11D3-BF4B-00C04F79EFBC}") = "GraphQLApp.DataAccess", "GraphQLApp\GraphQLApp.DataAccess\GraphQLApp.DataAccess.csproj", "{A4132392-9A98-4F65-912D-70571595FA0A}"
EndProject
Global
	GlobalSection(SolutionConfigurationPlatforms) = preSolution
		Debug|Any CPU = Debug|Any CPU
		Debug|x64 = Debug|x64
		Debug|x86 = Debug|x86
		Release|Any CPU = Release|Any CPU
		Release|x64 = Release|x64
		Release|x86 = Release|x86
	EndGlobalSection
	GlobalSection(SolutionProperties) = preSolution
		HideSolutionNode = FALSE
	EndGlobalSection
	GlobalSection(ProjectConfigurationPlatforms) = postSolution
		{EDCAD331-DC2F-469E-9034-38419E324764}.Debug|Any CPU.ActiveCfg = Debug|Any CPU
		{EDCAD331-DC2F-469E-9034-38419E324764}.Debug|Any CPU.Build.0 = Debug|Any CPU
		{EDCAD331-DC2F-469E-9034-38419E324764}.Debug|x64.ActiveCfg = Debug|Any CPU
		{EDCAD331-DC2F-469E-9034-38419E324764}.Debug|x64.Build.0 = Debug|Any CPU
		{EDCAD331-DC2F-469E-9034-38419E324764}.Debug|x86.ActiveCfg = Debug|Any CPU
		{EDCAD331-DC2F-469E-9034-38419E324764}.Debug|x86.Build.0 = Debug|Any CPU
		{EDCAD331-DC2F-469E-9034-38419E324764}.Release|Any CPU.ActiveCfg = Release|Any CPU
		{EDCAD331-DC2F-469E-9034-38419E324764}.Release|Any CPU.Build.0 = Release|Any CPU
		{EDCAD331-DC2F-469E-9034-38419E324764}.Release|x64.ActiveCfg = Release|Any CPU
		{EDCAD331-DC2F-469E-9034-38419E324764}.Release|x64.Build.0 = Release|Any CPU
		{EDCAD331-DC2F-469E-9034-38419E324764}.Release|x86.ActiveCfg = Release|Any CPU
		{EDCAD331-DC2F-469E-9034-38419E324764}.Release|x86.Build.0 = Release|Any CPU
		{A4132392-9A98-4F65-912D-70571595FA0A}.Debug|Any CPU.ActiveCfg = Debug|Any CPU
		{A4132392-9A98-4F65-912D-70571595FA0A}.Debug|Any CPU.Build.0 = Debug|Any CPU
		{A4132392-9A98-4F65-912D-70571595FA0A}.Debug|x64.ActiveCfg = Debug|Any CPU
		{A4132392-9A98-4F65-912D-70571595FA0A}.Debug|x64.Build.0 = Debug|Any CPU
		{A4132392-9A98-4F65-912D-70571595FA0A}.Debug|x86.ActiveCfg = Debug|Any CPU
		{A4132392-9A98-4F65-912D-70571595FA0A}.Debug|x86.Build.0 = Debug|Any CPU
		{A4132392-9A98-4F65-912D-70571595FA0A}.Release|Any CPU.ActiveCfg = Release|Any CPU
		{A4132392-9A98-4F65-912D-70571595FA0A}.Release|Any CPU.Build.0 = Release|Any CPU
		{A4132392-9A98-4F65-912D-70571595FA0A}.Release|x64.ActiveCfg = Release|Any CPU
		{A4132392-9A98-4F65-912D-70571595FA0A}.Release|x64.Build.0 = Release|Any CPU
		{A4132392-9A98-4F65-912D-70571595FA0A}.Release|x86.ActiveCfg = Release|Any CPU
		{A4132392-9A98-4F65-912D-70571595FA0A}.Release|x86.Build.0 = Release|Any CPU
	EndGlobalSection
	GlobalSection(NestedProjects) = preSolution
		{EDCAD331-DC2F-469E-9034-38419E324764} = {692C6E88-83FB-4CAE-AF66-21B61C65B828}
		{A4132392-9A98-4F65-912D-70571595FA0A} = {692C6E88-83FB-4CAE-AF66-21B61C65B828}
	EndGlobalSection
EndGlobal
